
Microsoft Visual Studio Solution File, Format Version 12.00
# Visual Studio 2013
VisualStudioVersion = 12.0.30723.0
MinimumVisualStudioVersion = 10.0.40219.1
Project("{FAE04EC0-301F-11D3-BF4B-00C04F79EFBC}") = "Mize PDI", "Mize PDI\Mize PDI.csproj", "{5C10F489-41B1-47ED-8B8F-14F8893582F6}"
EndProject
Project("{FAE04EC0-301F-11D3-BF4B-00C04F79EFBC}") = "PDILibrary", "PDILibrary\PDILibrary.csproj", "{24406F01-7AA7-4B5A-A399-FE0C8FDD0C2F}"
EndProject
Global
	GlobalSection(SolutionConfigurationPlatforms) = preSolution
		Debug|Any CPU = Debug|Any CPU
		Debug|ARM = Debug|ARM
		Debug|x86 = Debug|x86
		Release|Any CPU = Release|Any CPU
		Release|ARM = Release|ARM
		Release|x86 = Release|x86
	EndGlobalSection
	GlobalSection(ProjectConfigurationPlatforms) = postSolution
		{5C10F489-41B1-47ED-8B8F-14F8893582F6}.Debug|Any CPU.ActiveCfg = Debug|Any CPU
		{5C10F489-41B1-47ED-8B8F-14F8893582F6}.Debug|Any CPU.Build.0 = Debug|Any CPU
		{5C10F489-41B1-47ED-8B8F-14F8893582F6}.Debug|Any CPU.Deploy.0 = Debug|Any CPU
		{5C10F489-41B1-47ED-8B8F-14F8893582F6}.Debug|ARM.ActiveCfg = Debug|ARM
		{5C10F489-41B1-47ED-8B8F-14F8893582F6}.Debug|ARM.Build.0 = Debug|ARM
		{5C10F489-41B1-47ED-8B8F-14F8893582F6}.Debug|ARM.Deploy.0 = Debug|ARM
		{5C10F489-41B1-47ED-8B8F-14F8893582F6}.Debug|x86.ActiveCfg = Debug|x86
		{5C10F489-41B1-47ED-8B8F-14F8893582F6}.Debug|x86.Build.0 = Debug|x86
		{5C10F489-41B1-47ED-8B8F-14F8893582F6}.Debug|x86.Deploy.0 = Debug|x86
		{5C10F489-41B1-47ED-8B8F-14F8893582F6}.Release|Any CPU.ActiveCfg = Release|Any CPU
		{5C10F489-41B1-47ED-8B8F-14F8893582F6}.Release|Any CPU.Build.0 = Release|Any CPU
		{5C10F489-41B1-47ED-8B8F-14F8893582F6}.Release|Any CPU.Deploy.0 = Release|Any CPU
		{5C10F489-41B1-47ED-8B8F-14F8893582F6}.Release|ARM.ActiveCfg = Release|ARM
		{5C10F489-41B1-47ED-8B8F-14F8893582F6}.Release|ARM.Build.0 = Release|ARM
		{5C10F489-41B1-47ED-8B8F-14F8893582F6}.Release|ARM.Deploy.0 = Release|ARM
		{5C10F489-41B1-47ED-8B8F-14F8893582F6}.Release|x86.ActiveCfg = Release|x86
		{5C10F489-41B1-47ED-8B8F-14F8893582F6}.Release|x86.Build.0 = Release|x86
		{5C10F489-41B1-47ED-8B8F-14F8893582F6}.Release|x86.Deploy.0 = Release|x86
		{24406F01-7AA7-4B5A-A399-FE0C8FDD0C2F}.Debug|Any CPU.ActiveCfg = Debug|Any CPU
		{24406F01-7AA7-4B5A-A399-FE0C8FDD0C2F}.Debug|Any CPU.Build.0 = Debug|Any CPU
		{24406F01-7AA7-4B5A-A399-FE0C8FDD0C2F}.Debug|ARM.ActiveCfg = Debug|Any CPU
		{24406F01-7AA7-4B5A-A399-FE0C8FDD0C2F}.Debug|x86.ActiveCfg = Debug|Any CPU
		{24406F01-7AA7-4B5A-A399-FE0C8FDD0C2F}.Release|Any CPU.ActiveCfg = Release|Any CPU
		{24406F01-7AA7-4B5A-A399-FE0C8FDD0C2F}.Release|Any CPU.Build.0 = Release|Any CPU
		{24406F01-7AA7-4B5A-A399-FE0C8FDD0C2F}.Release|ARM.ActiveCfg = Release|Any CPU
		{24406F01-7AA7-4B5A-A399-FE0C8FDD0C2F}.Release|x86.ActiveCfg = Release|Any CPU
	EndGlobalSection
	GlobalSection(SolutionProperties) = preSolution
		HideSolutionNode = FALSE
	EndGlobalSection
EndGlobal
